{
  "name": "simple",
  "version": "1.0.0",
  "lockfileVersion": 1,
  "requires": true,
  "dependencies": {
    "nan": {
      "version": "2.10.0",
      "resolved": "https://registry.npmjs.org/nan/-/nan-2.10.0.tgz",
      "integrity": "sha512-bAdJv7fBLhWC+/Bls0Oza+mvTaNQtP+1RyhhhvD95pgUJz6XM5IzgmxOkItJ9tkoCiplvAnXI1tNmmUD/eScyA=="
    },
    "residue-native": {
      "version": "0.0.1",
      "resolved": "https://registry.npmjs.org/residue-native/-/residue-native-0.0.1.tgz",
      "integrity": "sha512-5yowXo5Gq+UlTSAbVjhbpTjCaGKWa2iII3sdPRN2dFO5XNkxtLcc1h6q4lpPWUkpAsyM4NRhFch9Tmge1LNQdA==",
      "requires": {
        "nan": "2.10.0"
      }
    }
  }
}
